
Microsoft Visual Studio Solution File, Format Version 12.00
# Visual Studio Version 16
VisualStudioVersion = 16.0.31515.178
MinimumVisualStudioVersion = 10.0.40219.1
Project("{FAE04EC0-301F-11D3-BF4B-00C04F79EFBC}") = "Atividade1", "Atividade1\Atividade1.csproj", "{BBA9AD36-D87C-45BA-A182-9962772C8C38}"
EndProject
Global
	GlobalSection(SolutionConfigurationPlatforms) = preSolution
		Debug|Any CPU = Debug|Any CPU
		Release|Any CPU = Release|Any CPU
	EndGlobalSection
	GlobalSection(ProjectConfigurationPlatforms) = postSolution
		{BBA9AD36-D87C-45BA-A182-9962772C8C38}.Debug|Any CPU.ActiveCfg = Debug|Any CPU
		{BBA9AD36-D87C-45BA-A182-9962772C8C38}.Debug|Any CPU.Build.0 = Debug|Any CPU
		{BBA9AD36-D87C-45BA-A182-9962772C8C38}.Release|Any CPU.ActiveCfg = Release|Any CPU
		{BBA9AD36-D87C-45BA-A182-9962772C8C38}.Release|Any CPU.Build.0 = Release|Any CPU
	EndGlobalSection
	GlobalSection(SolutionProperties) = preSolution
		HideSolutionNode = FALSE
	EndGlobalSection
	GlobalSection(ExtensibilityGlobals) = postSolution
		SolutionGuid = {F3C76A8B-2A09-4408-B4A8-D5951F68A9D8}
	EndGlobalSection
EndGlobal
